
Microsoft Visual Studio Solution File, Format Version 12.00
# Visual Studio 15
VisualStudioVersion = 15.0.27906.1
MinimumVisualStudioVersion = 10.0.40219.1
Project("{9A19103F-16F7-4668-BE54-9A1E7A4F7556}") = "WeCollect", "WeCollect\WeCollect.csproj", "{C56020C2-F4B8-403D-9FA5-89C0D763B771}"
EndProject
Project("{9A19103F-16F7-4668-BE54-9A1E7A4F7556}") = "Contracts.Contracts", "WeCollect\App\Contracts\Contracts.Contracts\Contracts.Contracts.csproj", "{6EC902C3-E57A-40D2-BA7E-17370C77D527}"
EndProject
Global
	GlobalSection(SolutionConfigurationPlatforms) = preSolution
		Debug|Any CPU = Debug|Any CPU
		Release|Any CPU = Release|Any CPU
	EndGlobalSection
	GlobalSection(ProjectConfigurationPlatforms) = postSolution
		{C56020C2-F4B8-403D-9FA5-89C0D763B771}.Debug|Any CPU.ActiveCfg = Debug|Any CPU
		{C56020C2-F4B8-403D-9FA5-89C0D763B771}.Debug|Any CPU.Build.0 = Debug|Any CPU
		{C56020C2-F4B8-403D-9FA5-89C0D763B771}.Release|Any CPU.ActiveCfg = Release|Any CPU
		{C56020C2-F4B8-403D-9FA5-89C0D763B771}.Release|Any CPU.Build.0 = Release|Any CPU
		{6EC902C3-E57A-40D2-BA7E-17370C77D527}.Debug|Any CPU.ActiveCfg = Debug|Any CPU
		{6EC902C3-E57A-40D2-BA7E-17370C77D527}.Debug|Any CPU.Build.0 = Debug|Any CPU
		{6EC902C3-E57A-40D2-BA7E-17370C77D527}.Release|Any CPU.ActiveCfg = Release|Any CPU
		{6EC902C3-E57A-40D2-BA7E-17370C77D527}.Release|Any CPU.Build.0 = Release|Any CPU
	EndGlobalSection
	GlobalSection(SolutionProperties) = preSolution
		HideSolutionNode = FALSE
	EndGlobalSection
	GlobalSection(ExtensibilityGlobals) = postSolution
		SolutionGuid = {79BC58D1-4BE3-4E47-A5BE-F06A74C31361}
	EndGlobalSection
EndGlobal
